// !$*UTF8*$!
{
	archiveVersion = 1;
	classes = {
	};
	objectVersion = 50;
	objects = {

/* Begin PBXBuildFile section */
		ECABC11A22B112F70059CF7B /* AppDelegate.swift in Sources */ = {isa = PBXBuildFile; fileRef = ECABC11922B112F70059CF7B /* AppDelegate.swift */; };
		ECABC11C22B112F70059CF7B /* FirstViewController.swift in Sources */ = {isa = PBXBuildFile; fileRef = ECABC11B22B112F70059CF7B /* FirstViewController.swift */; };
		ECABC11E22B112F70059CF7B /* SecondViewController.swift in Sources */ = {isa = PBXBuildFile; fileRef = ECABC11D22B112F70059CF7B /* SecondViewController.swift */; };
		ECABC12122B112F70059CF7B /* Main.storyboard in Resources */ = {isa = PBXBuildFile; fileRef = ECABC11F22B112F70059CF7B /* Main.storyboard */; };
		ECABC12322B112FB0059CF7B /* Assets.xcassets in Resources */ = {isa = PBXBuildFile; fileRef = ECABC12222B112FB0059CF7B /* Assets.xcassets */; };
		ECABC12622B112FB0059CF7B /* LaunchScreen.storyboard in Resources */ = {isa = PBXBuildFile; fileRef = ECABC12422B112FB0059CF7B /* LaunchScreen.storyboard */; };
		ECABC13122B112FB0059CF7B /* To_Do_ListTests.swift in Sources */ = {isa = PBXBuildFile; fileRef = ECABC13022B112FB0059CF7B /* To_Do_ListTests.swift */; };
		ECABC13C22B112FB0059CF7B /* To_Do_ListUITests.swift in Sources */ = {isa = PBXBuildFile; fileRef = ECABC13B22B112FB0059CF7B /* To_Do_ListUITests.swift */; };
/* End PBXBuildFile section */

/* Begin PBXContainerItemProxy section */
		ECABC12D22B112FB0059CF7B /* PBXContainerItemProxy */ = {
			isa = PBXContainerItemProxy;
			containerPortal = ECABC10E22B112F70059CF7B /* Project object */;
			proxyType = 1;
			remoteGlobalIDString = ECABC11522B112F70059CF7B;
			remoteInfo = "To Do List";
		};
		ECABC13822B112FB0059CF7B /* PBXContainerItemProxy */ = {
			isa = PBXContainerItemProxy;
			containerPortal = ECABC10E22B112F70059CF7B /* Project object */;
			proxyType = 1;
			remoteGlobalIDString = ECABC11522B112F70059CF7B;
			remoteInfo = "To Do List";
		};
/* End PBXContainerItemProxy section */

/* Begin PBXFileReference section */
		ECABC11622B112F70059CF7B /* To Do List.app */ = {isa = PBXFileReference; explicitFileType = wrapper.application; includeInIndex = 0; path = "To Do List.app"; sourceTree = BUILT_PRODUCTS_DIR; };
		ECABC11922B112F70059CF7B /* AppDelegate.swift */ = {isa = PBXFileReference; lastKnownFileType = sourcecode.swift; path = AppDelegate.swift; sourceTree = "<group>"; };
		ECABC11B22B112F70059CF7B /* FirstViewController.swift */ = {isa = PBXFileReference; lastKnownFileType = sourcecode.swift; path = FirstViewController.swift; sourceTree = "<group>"; };
		ECABC11D22B112F70059CF7B /* SecondViewController.swift */ = {isa = PBXFileReference; lastKnownFileType = sourcecode.swift; path = SecondViewController.swift; sourceTree = "<group>"; };
		ECABC12022B112F70059CF7B /* Base */ = {isa = PBXFileReference; lastKnownFileType = file.storyboard; name = Base; path = Base.lproj/Main.storyboard; sourceTree = "<group>"; };
		ECABC12222B112FB0059CF7B /* Assets.xcassets */ = {isa = PBXFileReference; lastKnownFileType = folder.assetcatalog; path = Assets.xcassets; sourceTree = "<group>"; };
		ECABC12522B112FB0059CF7B /* Base */ = {isa = PBXFileReference; lastKnownFileType = file.storyboard; name = Base; path = Base.lproj/LaunchScreen.storyboard; sourceTree = "<group>"; };
		ECABC12722B112FB0059CF7B /* Info.plist */ = {isa = PBXFileReference; lastKnownFileType = text.plist.xml; path = Info.plist; sourceTree = "<group>"; };
		ECABC12C22B112FB0059CF7B /* To Do ListTests.xctest */ = {isa = PBXFileReference; explicitFileType = wrapper.cfbundle; includeInIndex = 0; path = "To Do ListTests.xctest"; sourceTree = BUILT_PRODUCTS_DIR; };
		ECABC13022B112FB0059CF7B /* To_Do_ListTests.swift */ = {isa = PBXFileReference; lastKnownFileType = sourcecode.swift; path = To_Do_ListTests.swift; sourceTree = "<group>"; };
		ECABC13222B112FB0059CF7B /* Info.plist */ = {isa = PBXFileReference; lastKnownFileType = text.plist.xml; path = Info.plist; sourceTree = "<group>"; };
		ECABC13722B112FB0059CF7B /* To Do ListUITests.xctest */ = {isa = PBXFileReference; explicitFileType = wrapper.cfbundle; includeInIndex = 0; path = "To Do ListUITests.xctest"; sourceTree = BUILT_PRODUCTS_DIR; };
		ECABC13B22B112FB0059CF7B /* To_Do_ListUITests.swift */ = {isa = PBXFileReference; lastKnownFileType = sourcecode.swift; path = To_Do_ListUITests.swift; sourceTree = "<group>"; };
		ECABC13D22B112FB0059CF7B /* Info.plist */ = {isa = PBXFileReference; lastKnownFileType = text.plist.xml; path = Info.plist; sourceTree = "<group>"; };
/* End PBXFileReference section */

/* Begin PBXFrameworksBuildPhase section */
		ECABC11322B112F70059CF7B /* Frameworks */ = {
			isa = PBXFrameworksBuildPhase;
			buildActionMask = 2147483647;
			files = (
			);
			runOnlyForDeploymentPostprocessing = 0;
		};
		ECABC12922B112FB0059CF7B /* Frameworks */ = {
			isa = PBXFrameworksBuildPhase;
			buildActionMask = 2147483647;
			files = (
			);
			runOnlyForDeploymentPostprocessing = 0;
		};
		ECABC13422B112FB0059CF7B /* Frameworks */ = {
			isa = PBXFrameworksBuildPhase;
			buildActionMask = 2147483647;
			files = (
			);
			runOnlyForDeploymentPostprocessing = 0;
		};
/* End PBXFrameworksBuildPhase section */

/* Begin PBXGroup section */
		ECABC10D22B112F70059CF7B = {
			isa = PBXGroup;
			children = (
				ECABC11822B112F70059CF7B /* To Do List */,
				ECABC12F22B112FB0059CF7B /* To Do ListTests */,
				ECABC13A22B112FB0059CF7B /* To Do ListUITests */,
				ECABC11722B112F70059CF7B /* Products */,
			);
			sourceTree = "<group>";
		};
		ECABC11722B112F70059CF7B /* Products */ = {
			isa = PBXGroup;
			children = (
				ECABC11622B112F70059CF7B /* To Do List.app */,
				ECABC12C22B112FB0059CF7B /* To Do ListTests.xctest */,
				ECABC13722B112FB0059CF7B /* To Do ListUITests.xctest */,
			);
			name = Products;
			sourceTree = "<group>";
		};
		ECABC11822B112F70059CF7B /* To Do List */ = {
			isa = PBXGroup;
			children = (
				ECABC11922B112F70059CF7B /* AppDelegate.swift */,
				ECABC11B22B112F70059CF7B /* FirstViewController.swift */,
				ECABC11D22B112F70059CF7B /* SecondViewController.swift */,
				ECABC11F22B112F70059CF7B /* Main.storyboard */,
				ECABC12222B112FB0059CF7B /* Assets.xcassets */,
				ECABC12422B112FB0059CF7B /* LaunchScreen.storyboard */,
				ECABC12722B112FB0059CF7B /* Info.plist */,
			);
			path = "To Do List";
			sourceTree = "<group>";
		};
		ECABC12F22B112FB0059CF7B /* To Do ListTests */ = {
			isa = PBXGroup;
			children = (
				ECABC13022B112FB0059CF7B /* To_Do_ListTests.swift */,
				ECABC13222B112FB0059CF7B /* Info.plist */,
			);
			path = "To Do ListTests";
			sourceTree = "<group>";
		};
		ECABC13A22B112FB0059CF7B /* To Do ListUITests */ = {
			isa = PBXGroup;
			children = (
				ECABC13B22B112FB0059CF7B /* To_Do_ListUITests.swift */,
				ECABC13D22B112FB0059CF7B /* Info.plist */,
			);
			path = "To Do ListUITests";
			sourceTree = "<group>";
		};
/* End PBXGroup section */

/* Begin PBXNativeTarget section */
		ECABC11522B112F70059CF7B /* To Do List */ = {
			isa = PBXNativeTarget;
			buildConfigurationList = ECABC14022B112FB0059CF7B /* Build configuration list for PBXNativeTarget "To Do List" */;
			buildPhases = (
				ECABC11222B112F70059CF7B /* Sources */,
				ECABC11322B112F70059CF7B /* Frameworks */,
				ECABC11422B112F70059CF7B /* Resources */,
			);
			buildRules = (
			);
			dependencies = (
			);
			name = "To Do List";
			productName = "To Do List";
			productReference = ECABC11622B112F70059CF7B /* To Do List.app */;
			productType = "com.apple.product-type.application";
		};
		ECABC12B22B112FB0059CF7B /* To Do ListTests */ = {
			isa = PBXNativeTarget;
			buildConfigurationList = ECABC14322B112FB0059CF7B /* Build configuration list for PBXNativeTarget "To Do ListTests" */;
			buildPhases = (
				ECABC12822B112FB0059CF7B /* Sources */,
				ECABC12922B112FB0059CF7B /* Frameworks */,
				ECABC12A22B112FB0059CF7B /* Resources */,
			);
			buildRules = (
			);
			dependencies = (
				ECABC12E22B112FB0059CF7B /* PBXTargetDependency */,
			);
			name = "To Do ListTests";
			productName = "To Do ListTests";
			productReference = ECABC12C22B112FB0059CF7B /* To Do ListTests.xctest */;
			productType = "com.apple.product-type.bundle.unit-test";
		};
		ECABC13622B112FB0059CF7B /* To Do ListUITests */ = {
			isa = PBXNativeTarget;
			buildConfigurationList = ECABC14622B112FB0059CF7B /* Build configuration list for PBXNativeTarget "To Do ListUITests" */;
			buildPhases = (
				ECABC13322B112FB0059CF7B /* Sources */,
				ECABC13422B112FB0059CF7B /* Frameworks */,
				ECABC13522B112FB0059CF7B /* Resources */,
			);
			buildRules = (
			);
			dependencies = (
				ECABC13922B112FB0059CF7B /* PBXTargetDependency */,
			);
			name = "To Do ListUITests";
			productName = "To Do ListUITests";
			productReference = ECABC13722B112FB0059CF7B /* To Do ListUITests.xctest */;
			productType = "com.apple.product-type.bundle.ui-testing";
		};
/* End PBXNativeTarget section */

/* Begin PBXProject section */
		ECABC10E22B112F70059CF7B /* Project object */ = {
			isa = PBXProject;
			attributes = {
				LastSwiftUpdateCheck = 1020;
				LastUpgradeCheck = 1020;
				ORGANIZATIONNAME = fyunka;
				TargetAttributes = {
					ECABC11522B112F70059CF7B = {
						CreatedOnToolsVersion = 10.2.1;
					};
					ECABC12B22B112FB0059CF7B = {
						CreatedOnToolsVersion = 10.2.1;
						TestTargetID = ECABC11522B112F70059CF7B;
					};
					ECABC13622B112FB0059CF7B = {
						CreatedOnToolsVersion = 10.2.1;
						TestTargetID = ECABC11522B112F70059CF7B;
					};
				};
			};
			buildConfigurationList = ECABC11122B112F70059CF7B /* Build configuration list for PBXProject "To Do List" */;
			compatibilityVersion = "Xcode 9.3";
			developmentRegion = en;
			hasScannedForEncodings = 0;
			knownRegions = (
				en,
				Base,
			);
			mainGroup = ECABC10D22B112F70059CF7B;
			productRefGroup = ECABC11722B112F70059CF7B /* Products */;
			projectDirPath = "";
			projectRoot = "";
			targets = (
				ECABC11522B112F70059CF7B /* To Do List */,
				ECABC12B22B112FB0059CF7B /* To Do ListTests */,
				ECABC13622B112FB0059CF7B /* To Do ListUITests */,
			);
		};
/* End PBXProject section */

/* Begin PBXResourcesBuildPhase section */
		ECABC11422B112F70059CF7B /* Resources */ = {
			isa = PBXResourcesBuildPhase;
			buildActionMask = 2147483647;
			files = (
				ECABC12622B112FB0059CF7B /* LaunchScreen.storyboard in Resources */,
				ECABC12322B112FB0059CF7B /* Assets.xcassets in Resources */,
				ECABC12122B112F70059CF7B /* Main.storyboard in Resources */,
			);
			runOnlyForDeploymentPostprocessing = 0;
		};
		ECABC12A22B112FB0059CF7B /* Resources */ = {
			isa = PBXResourcesBuildPhase;
			buildActionMask = 2147483647;
			files = (
			);
			runOnlyForDeploymentPostprocessing = 0;
		};
		ECABC13522B112FB0059CF7B /* Resources */ = {
			isa = PBXResourcesBuildPhase;
			buildActionMask = 2147483647;
			files = (
			);
			runOnlyForDeploymentPostprocessing = 0;
		};
/* End PBXResourcesBuildPhase section */

/* Begin PBXSourcesBuildPhase section */
		ECABC11222B112F70059CF7B /* Sources */ = {
			isa = PBXSourcesBuildPhase;
			buildActionMask = 2147483647;
			files = (
				ECABC11E22B112F70059CF7B /* SecondViewController.swift in Sources */,
				ECABC11A22B112F70059CF7B /* AppDelegate.swift in Sources */,
				ECABC11C22B112F70059CF7B /* FirstViewController.swift in Sources */,
			);
			runOnlyForDeploymentPostprocessing = 0;
		};
		ECABC12822B112FB0059CF7B /* Sources */ = {
			isa = PBXSourcesBuildPhase;
			buildActionMask = 2147483647;
			files = (
				ECABC13122B112FB0059CF7B /* To_Do_ListTests.swift in Sources */,
			);
			runOnlyForDeploymentPostprocessing = 0;
		};
		ECABC13322B112FB0059CF7B /* Sources */ = {
			isa = PBXSourcesBuildPhase;
			buildActionMask = 2147483647;
			files = (
				ECABC13C22B112FB0059CF7B /* To_Do_ListUITests.swift in Sources */,
			);
			runOnlyForDeploymentPostprocessing = 0;
		};
/* End PBXSourcesBuildPhase section */

/* Begin PBXTargetDependency section */
		ECABC12E22B112FB0059CF7B /* PBXTargetDependency */ = {
			isa = PBXTargetDependency;
			target = ECABC11522B112F70059CF7B /* To Do List */;
			targetProxy = ECABC12D22B112FB0059CF7B /* PBXContainerItemProxy */;
		};
		ECABC13922B112FB0059CF7B /* PBXTargetDependency */ = {
			isa = PBXTargetDependency;
			target = ECABC11522B112F70059CF7B /* To Do List */;
			targetProxy = ECABC13822B112FB0059CF7B /* PBXContainerItemProxy */;
		};
/* End PBXTargetDependency section */

/* Begin PBXVariantGroup section */
		ECABC11F22B112F70059CF7B /* Main.storyboard */ = {
			isa = PBXVariantGroup;
			children = (
				ECABC12022B112F70059CF7B /* Base */,
			);
			name = Main.storyboard;
			sourceTree = "<group>";
		};
		ECABC12422B112FB0059CF7B /* LaunchScreen.storyboard */ = {
			isa = PBXVariantGroup;
			children = (
				ECABC12522B112FB0059CF7B /* Base */,
			);
			name = LaunchScreen.storyboard;
			sourceTree = "<group>";
		};
/* End PBXVariantGroup section */

/* Begin XCBuildConfiguration section */
		ECABC13E22B112FB0059CF7B /* Debug */ = {
			isa = XCBuildConfiguration;
			buildSettings = {
				ALWAYS_SEARCH_USER_PATHS = NO;
				CLANG_ANALYZER_NONNULL = YES;
				CLANG_ANALYZER_NUMBER_OBJECT_CONVERSION = YES_AGGRESSIVE;
				CLANG_CXX_LANGUAGE_STANDARD = "gnu++14";
				CLANG_CXX_LIBRARY = "libc++";
				CLANG_ENABLE_MODULES = YES;
				CLANG_ENABLE_OBJC_ARC = YES;
				CLANG_ENABLE_OBJC_WEAK = YES;
				CLANG_WARN_BLOCK_CAPTURE_AUTORELEASING = YES;
				CLANG_WARN_BOOL_CONVERSION = YES;
				CLANG_WARN_COMMA = YES;
				CLANG_WARN_CONSTANT_CONVERSION = YES;
				CLANG_WARN_DEPRECATED_OBJC_IMPLEMENTATIONS = YES;
				CLANG_WARN_DIRECT_OBJC_ISA_USAGE = YES_ERROR;
				CLANG_WARN_DOCUMENTATION_COMMENTS = YES;
				CLANG_WARN_EMPTY_BODY = YES;
				CLANG_WARN_ENUM_CONVERSION = YES;
				CLANG_WARN_INFINITE_RECURSION = YES;
				CLANG_WARN_INT_CONVERSION = YES;
				CLANG_WARN_NON_LITERAL_NULL_CONVERSION = YES;
				CLANG_WARN_OBJC_IMPLICIT_RETAIN_SELF = YES;
				CLANG_WARN_OBJC_LITERAL_CONVERSION = YES;
				CLANG_WARN_OBJC_ROOT_CLASS = YES_ERROR;
				CLANG_WARN_RANGE_LOOP_ANALYSIS = YES;
				CLANG_WARN_STRICT_PROTOTYPES = YES;
				CLANG_WARN_SUSPICIOUS_MOVE = YES;
				CLANG_WARN_UNGUARDED_AVAILABILITY = YES_AGGRESSIVE;
				CLANG_WARN_UNREACHABLE_CODE = YES;
				CLANG_WARN__DUPLICATE_METHOD_MATCH = YES;
				CODE_SIGN_IDENTITY = "iPhone Developer";
				COPY_PHASE_STRIP = NO;
				DEBUG_INFORMATION_FORMAT = dwarf;
				ENABLE_STRICT_OBJC_MSGSEND = YES;
				ENABLE_TESTABILITY = YES;
				GCC_C_LANGUAGE_STANDARD = gnu11;
				GCC_DYNAMIC_NO_PIC = NO;
				GCC_NO_COMMON_BLOCKS = YES;
				GCC_OPTIMIZATION_LEVEL = 0;
				GCC_PREPROCESSOR_DEFINITIONS = (
					"DEBUG=1",
					"$(inherited)",
				);
				GCC_WARN_64_TO_32_BIT_CONVERSION = YES;
				GCC_WARN_ABOUT_RETURN_TYPE = YES_ERROR;
				GCC_WARN_UNDECLARED_SELECTOR = YES;
				GCC_WARN_UNINITIALIZED_AUTOS = YES_AGGRESSIVE;
				GCC_WARN_UNUSED_FUNCTION = YES;
				GCC_WARN_UNUSED_VARIABLE = YES;
				IPHONEOS_DEPLOYMENT_TARGET = 12.2;
				MTL_ENABLE_DEBUG_INFO = INCLUDE_SOURCE;
				MTL_FAST_MATH = YES;
				ONLY_ACTIVE_ARCH = YES;
				SDKROOT = iphoneos;
				SWIFT_ACTIVE_COMPILATION_CONDITIONS = DEBUG;
				SWIFT_OPTIMIZATION_LEVEL = "-Onone";
			};
			name = Debug;
		};
		ECABC13F22B112FB0059CF7B /* Release */ = {
			isa = XCBuildConfiguration;
			buildSettings = {
				ALWAYS_SEARCH_USER_PATHS = NO;
				CLANG_ANALYZER_NONNULL = YES;
				CLANG_ANALYZER_NUMBER_OBJECT_CONVERSION = YES_AGGRESSIVE;
				CLANG_CXX_LANGUAGE_STANDARD = "gnu++14";
				CLANG_CXX_LIBRARY = "libc++";
				CLANG_ENABLE_MODULES = YES;
				CLANG_ENABLE_OBJC_ARC = YES;
				CLANG_ENABLE_OBJC_WEAK = YES;
				CLANG_WARN_BLOCK_CAPTURE_AUTORELEASING = YES;
				CLANG_WARN_BOOL_CONVERSION = YES;
				CLANG_WARN_COMMA = YES;
				CLANG_WARN_CONSTANT_CONVERSION = YES;
				CLANG_WARN_DEPRECATED_OBJC_IMPLEMENTATIONS = YES;
				CLANG_WARN_DIRECT_OBJC_ISA_USAGE = YES_ERROR;
				CLANG_WARN_DOCUMENTATION_COMMENTS = YES;
				CLANG_WARN_EMPTY_BODY = YES;
				CLANG_WARN_ENUM_CONVERSION = YES;
				CLANG_WARN_INFINITE_RECURSION = YES;
				CLANG_WARN_INT_CONVERSION = YES;
				CLANG_WARN_NON_LITERAL_NULL_CONVERSION = YES;
				CLANG_WARN_OBJC_IMPLICIT_RETAIN_SELF = YES;
				CLANG_WARN_OBJC_LITERAL_CONVERSION = YES;
				CLANG_WARN_OBJC_ROOT_CLASS = YES_ERROR;
				CLANG_WARN_RANGE_LOOP_ANALYSIS = YES;
				CLANG_WARN_STRICT_PROTOTYPES = YES;
				CLANG_WARN_SUSPICIOUS_MOVE = YES;
				CLANG_WARN_UNGUARDED_AVAILABILITY = YES_AGGRESSIVE;
				CLANG_WARN_UNREACHABLE_CODE = YES;
				CLANG_WARN__DUPLICATE_METHOD_MATCH = YES;
				CODE_SIGN_IDENTITY = "iPhone Developer";
				COPY_PHASE_STRIP = NO;
				DEBUG_INFORMATION_FORMAT = "dwarf-with-dsym";
				ENABLE_NS_ASSERTIONS = NO;
				ENABLE_STRICT_OBJC_MSGSEND = YES;
				GCC_C_LANGUAGE_STANDARD = gnu11;
				GCC_NO_COMMON_BLOCKS = YES;
				GCC_WARN_64_TO_32_BIT_CONVERSION = YES;
				GCC_WARN_ABOUT_RETURN_TYPE = YES_ERROR;
				GCC_WARN_UNDECLARED_SELECTOR = YES;
				GCC_WARN_UNINITIALIZED_AUTOS = YES_AGGRESSIVE;
				GCC_WARN_UNUSED_FUNCTION = YES;
				GCC_WARN_UNUSED_VARIABLE = YES;
				IPHONEOS_DEPLOYMENT_TARGET = 12.2;
				MTL_ENABLE_DEBUG_INFO = NO;
				MTL_FAST_MATH = YES;
				SDKROOT = iphoneos;
				SWIFT_COMPILATION_MODE = wholemodule;
				SWIFT_OPTIMIZATION_LEVEL = "-O";
				VALIDATE_PRODUCT = YES;
			};
			name = Release;
		};
		ECABC14122B112FB0059CF7B /* Debug */ = {
			isa = XCBuildConfiguration;
			buildSettings = {
				ASSETCATALOG_COMPILER_APPICON_NAME = AppIcon;
				CODE_SIGN_STYLE = Automatic;
				DEVELOPMENT_TEAM = UDZBV6TRX6;
				INFOPLIST_FILE = "To Do List/Info.plist";
				LD_RUNPATH_SEARCH_PATHS = (
					"$(inherited)",
					"@executable_path/Frameworks",
				);
				PRODUCT_BUNDLE_IDENTIFIER = "com.fyunka.To-Do-List";
				PRODUCT_NAME = "$(TARGET_NAME)";
				SWIFT_VERSION = 5.0;
				TARGETED_DEVICE_FAMILY = "1,2";
			};
			name = Debug;
		};
		ECABC14222B112FB0059CF7B /* Release */ = {
			isa = XCBuildConfiguration;
			buildSettings = {
				ASSETCATALOG_COMPILER_APPICON_NAME = AppIcon;
				CODE_SIGN_STYLE = Automatic;
				DEVELOPMENT_TEAM = UDZBV6TRX6;
				INFOPLIST_FILE = "To Do List/Info.plist";
				LD_RUNPATH_SEARCH_PATHS = (
					"$(inherited)",
					"@executable_path/Frameworks",
				);
				PRODUCT_BUNDLE_IDENTIFIER = "com.fyunka.To-Do-List";
				PRODUCT_NAME = "$(TARGET_NAME)";
				SWIFT_VERSION = 5.0;
				TARGETED_DEVICE_FAMILY = "1,2";
			};
			name = Release;
		};
		ECABC14422B112FB0059CF7B /* Debug */ = {
			isa = XCBuildConfiguration;
			buildSettings = {
				ALWAYS_EMBED_SWIFT_STANDARD_LIBRARIES = YES;
				BUNDLE_LOADER = "$(TEST_HOST)";
				CODE_SIGN_STYLE = Automatic;
				DEVELOPMENT_TEAM = UDZBV6TRX6;
				INFOPLIST_FILE = "To Do ListTests/Info.plist";
				LD_RUNPATH_SEARCH_PATHS = (
					"$(inherited)",
					"@executable_path/Frameworks",
					"@loader_path/Frameworks",
				);
				PRODUCT_BUNDLE_IDENTIFIER = "com.fyunka.To-Do-ListTests";
				PRODUCT_NAME = "$(TARGET_NAME)";
				SWIFT_VERSION = 5.0;
				TARGETED_DEVICE_FAMILY = "1,2";
				TEST_HOST = "$(BUILT_PRODUCTS_DIR)/To Do List.app/To Do List";
			};
			name = Debug;
		};
		ECABC14522B112FB0059CF7B /* Release */ = {
			isa = XCBuildConfiguration;
			buildSettings = {
				ALWAYS_EMBED_SWIFT_STANDARD_LIBRARIES = YES;
				BUNDLE_LOADER = "$(TEST_HOST)";
				CODE_SIGN_STYLE = Automatic;
				DEVELOPMENT_TEAM = UDZBV6TRX6;
				INFOPLIST_FILE = "To Do ListTests/Info.plist";
				LD_RUNPATH_SEARCH_PATHS = (
					"$(inherited)",
					"@executable_path/Frameworks",
					"@loader_path/Frameworks",
				);
				PRODUCT_BUNDLE_IDENTIFIER = "com.fyunka.To-Do-ListTests";
				PRODUCT_NAME = "$(TARGET_NAME)";
				SWIFT_VERSION = 5.0;
				TARGETED_DEVICE_FAMILY = "1,2";
				TEST_HOST = "$(BUILT_PRODUCTS_DIR)/To Do List.app/To Do List";
			};
			name = Release;
		};
		ECABC14722B112FB0059CF7B /* Debug */ = {
			isa = XCBuildConfiguration;
			buildSettings = {
				ALWAYS_EMBED_SWIFT_STANDARD_LIBRARIES = YES;
				CODE_SIGN_STYLE = Automatic;
				DEVELOPMENT_TEAM = UDZBV6TRX6;
				INFOPLIST_FILE = "To Do ListUITests/Info.plist";
				LD_RUNPATH_SEARCH_PATHS = (
					"$(inherited)",
					"@executable_path/Frameworks",
					"@loader_path/Frameworks",
				);
				PRODUCT_BUNDLE_IDENTIFIER = "com.fyunka.To-Do-ListUITests";
				PRODUCT_NAME = "$(TARGET_NAME)";
				SWIFT_VERSION = 5.0;
				TARGETED_DEVICE_FAMILY = "1,2";
				TEST_TARGET_NAME = "To Do List";
			};
			name = Debug;
		};
		ECABC14822B112FB0059CF7B /* Release */ = {
			isa = XCBuildConfiguration;
			buildSettings = {
				ALWAYS_EMBED_SWIFT_STANDARD_LIBRARIES = YES;
				CODE_SIGN_STYLE = Automatic;
				DEVELOPMENT_TEAM = UDZBV6TRX6;
				INFOPLIST_FILE = "To Do ListUITests/Info.plist";
				LD_RUNPATH_SEARCH_PATHS = (
					"$(inherited)",
					"@executable_path/Frameworks",
					"@loader_path/Frameworks",
				);
				PRODUCT_BUNDLE_IDENTIFIER = "com.fyunka.To-Do-ListUITests";
				PRODUCT_NAME = "$(TARGET_NAME)";
				SWIFT_VERSION = 5.0;
				TARGETED_DEVICE_FAMILY = "1,2";
				TEST_TARGET_NAME = "To Do List";
			};
			name = Release;
		};
/* End XCBuildConfiguration section */

/* Begin XCConfigurationList section */
		ECABC11122B112F70059CF7B /* Build configuration list for PBXProject "To Do List" */ = {
			isa = XCConfigurationList;
			buildConfigurations = (
				ECABC13E22B112FB0059CF7B /* Debug */,
				ECABC13F22B112FB0059CF7B /* Release */,
			);
			defaultConfigurationIsVisible = 0;
			defaultConfigurationName = Release;
		};
		ECABC14022B112FB0059CF7B /* Build configuration list for PBXNativeTarget "To Do List" */ = {
			isa = XCConfigurationList;
			buildConfigurations = (
				ECABC14122B112FB0059CF7B /* Debug */,
				ECABC14222B112FB0059CF7B /* Release */,
			);
			defaultConfigurationIsVisible = 0;
			defaultConfigurationName = Release;
		};
		ECABC14322B112FB0059CF7B /* Build configuration list for PBXNativeTarget "To Do ListTests" */ = {
			isa = XCConfigurationList;
			buildConfigurations = (
				ECABC14422B112FB0059CF7B /* Debug */,
				ECABC14522B112FB0059CF7B /* Release */,
			);
			defaultConfigurationIsVisible = 0;
			defaultConfigurationName = Release;
		};
		ECABC14622B112FB0059CF7B /* Build configuration list for PBXNativeTarget "To Do ListUITests" */ = {
			isa = XCConfigurationList;
			buildConfigurations = (
				ECABC14722B112FB0059CF7B /* Debug */,
				ECABC14822B112FB0059CF7B /* Release */,
			);
			defaultConfigurationIsVisible = 0;
			defaultConfigurationName = Release;
		};
/* End XCConfigurationList section */
	};
	rootObject = ECABC10E22B112F70059CF7B /* Project object */;
}
